
Microsoft Visual Studio Solution File, Format Version 12.00
# Visual Studio Version 16
VisualStudioVersion = 16.0.31515.178
MinimumVisualStudioVersion = 10.0.40219.1
Project("{FAE04EC0-301F-11D3-BF4B-00C04F79EFBC}") = "LudoGame", "LudoGame\LudoGame.csproj", "{0B3A0237-C763-479A-8CDC-B273341907A3}"
EndProject
Global
	GlobalSection(SolutionConfigurationPlatforms) = preSolution
		Debug|Any CPU = Debug|Any CPU
		Release|Any CPU = Release|Any CPU
	EndGlobalSection
	GlobalSection(ProjectConfigurationPlatforms) = postSolution
		{0B3A0237-C763-479A-8CDC-B273341907A3}.Debug|Any CPU.ActiveCfg = Debug|Any CPU
		{0B3A0237-C763-479A-8CDC-B273341907A3}.Debug|Any CPU.Build.0 = Debug|Any CPU
		{0B3A0237-C763-479A-8CDC-B273341907A3}.Release|Any CPU.ActiveCfg = Release|Any CPU
		{0B3A0237-C763-479A-8CDC-B273341907A3}.Release|Any CPU.Build.0 = Release|Any CPU
	EndGlobalSection
	GlobalSection(SolutionProperties) = preSolution
		HideSolutionNode = FALSE
	EndGlobalSection
	GlobalSection(ExtensibilityGlobals) = postSolution
		SolutionGuid = {3B0B352F-2B83-42D9-89AA-72F368654780}
	EndGlobalSection
EndGlobal
